
Microsoft Visual Studio Solution File, Format Version 12.00
# Visual Studio 15
VisualStudioVersion = 15.0.26124.0
MinimumVisualStudioVersion = 15.0.26124.0
Project("{FAE04EC0-301F-11D3-BF4B-00C04F79EFBC}") = "KersDb", "KersDb\KersDb.csproj", "{338B4EB0-47BC-4BDF-ABE6-0647D8C3DA47}"
EndProject
Project("{FAE04EC0-301F-11D3-BF4B-00C04F79EFBC}") = "Kers", "Kers\Kers.csproj", "{E0AC1BB7-7CA8-42D0-BF52-9B389B501C9E}"
EndProject
Project("{FAE04EC0-301F-11D3-BF4B-00C04F79EFBC}") = "KersTest", "KersTest\KersTest.csproj", "{0F467330-DE97-410E-A630-9CB00A6025F1}"
EndProject
Project("{FAE04EC0-301F-11D3-BF4B-00C04F79EFBC}") = "KersTasks", "KersTasks\KersTasks.csproj", "{0CF997E0-BD8D-4699-AC83-592EE9C98720}"
EndProject
Global
	GlobalSection(SolutionConfigurationPlatforms) = preSolution
		Debug|Any CPU = Debug|Any CPU
		Debug|x64 = Debug|x64
		Debug|x86 = Debug|x86
		Release|Any CPU = Release|Any CPU
		Release|x64 = Release|x64
		Release|x86 = Release|x86
	EndGlobalSection
	GlobalSection(SolutionProperties) = preSolution
		HideSolutionNode = FALSE
	EndGlobalSection
	GlobalSection(ProjectConfigurationPlatforms) = postSolution
		{338B4EB0-47BC-4BDF-ABE6-0647D8C3DA47}.Debug|Any CPU.ActiveCfg = Debug|Any CPU
		{338B4EB0-47BC-4BDF-ABE6-0647D8C3DA47}.Debug|Any CPU.Build.0 = Debug|Any CPU
		{338B4EB0-47BC-4BDF-ABE6-0647D8C3DA47}.Debug|x64.ActiveCfg = Debug|x64
		{338B4EB0-47BC-4BDF-ABE6-0647D8C3DA47}.Debug|x64.Build.0 = Debug|x64
		{338B4EB0-47BC-4BDF-ABE6-0647D8C3DA47}.Debug|x86.ActiveCfg = Debug|x86
		{338B4EB0-47BC-4BDF-ABE6-0647D8C3DA47}.Debug|x86.Build.0 = Debug|x86
		{338B4EB0-47BC-4BDF-ABE6-0647D8C3DA47}.Release|Any CPU.ActiveCfg = Release|Any CPU
		{338B4EB0-47BC-4BDF-ABE6-0647D8C3DA47}.Release|Any CPU.Build.0 = Release|Any CPU
		{338B4EB0-47BC-4BDF-ABE6-0647D8C3DA47}.Release|x64.ActiveCfg = Release|x64
		{338B4EB0-47BC-4BDF-ABE6-0647D8C3DA47}.Release|x64.Build.0 = Release|x64
		{338B4EB0-47BC-4BDF-ABE6-0647D8C3DA47}.Release|x86.ActiveCfg = Release|x86
		{338B4EB0-47BC-4BDF-ABE6-0647D8C3DA47}.Release|x86.Build.0 = Release|x86
		{E0AC1BB7-7CA8-42D0-BF52-9B389B501C9E}.Debug|Any CPU.ActiveCfg = Debug|Any CPU
		{E0AC1BB7-7CA8-42D0-BF52-9B389B501C9E}.Debug|Any CPU.Build.0 = Debug|Any CPU
		{E0AC1BB7-7CA8-42D0-BF52-9B389B501C9E}.Debug|x64.ActiveCfg = Debug|x64
		{E0AC1BB7-7CA8-42D0-BF52-9B389B501C9E}.Debug|x64.Build.0 = Debug|x64
		{E0AC1BB7-7CA8-42D0-BF52-9B389B501C9E}.Debug|x86.ActiveCfg = Debug|x86
		{E0AC1BB7-7CA8-42D0-BF52-9B389B501C9E}.Debug|x86.Build.0 = Debug|x86
		{E0AC1BB7-7CA8-42D0-BF52-9B389B501C9E}.Release|Any CPU.ActiveCfg = Release|Any CPU
		{E0AC1BB7-7CA8-42D0-BF52-9B389B501C9E}.Release|Any CPU.Build.0 = Release|Any CPU
		{E0AC1BB7-7CA8-42D0-BF52-9B389B501C9E}.Release|x64.ActiveCfg = Release|x64
		{E0AC1BB7-7CA8-42D0-BF52-9B389B501C9E}.Release|x64.Build.0 = Release|x64
		{E0AC1BB7-7CA8-42D0-BF52-9B389B501C9E}.Release|x86.ActiveCfg = Release|x86
		{E0AC1BB7-7CA8-42D0-BF52-9B389B501C9E}.Release|x86.Build.0 = Release|x86
		{0F467330-DE97-410E-A630-9CB00A6025F1}.Debug|Any CPU.ActiveCfg = Debug|Any CPU
		{0F467330-DE97-410E-A630-9CB00A6025F1}.Debug|Any CPU.Build.0 = Debug|Any CPU
		{0F467330-DE97-410E-A630-9CB00A6025F1}.Debug|x64.ActiveCfg = Debug|x64
		{0F467330-DE97-410E-A630-9CB00A6025F1}.Debug|x64.Build.0 = Debug|x64
		{0F467330-DE97-410E-A630-9CB00A6025F1}.Debug|x86.ActiveCfg = Debug|x86
		{0F467330-DE97-410E-A630-9CB00A6025F1}.Debug|x86.Build.0 = Debug|x86
		{0F467330-DE97-410E-A630-9CB00A6025F1}.Release|Any CPU.ActiveCfg = Release|Any CPU
		{0F467330-DE97-410E-A630-9CB00A6025F1}.Release|Any CPU.Build.0 = Release|Any CPU
		{0F467330-DE97-410E-A630-9CB00A6025F1}.Release|x64.ActiveCfg = Release|x64
		{0F467330-DE97-410E-A630-9CB00A6025F1}.Release|x64.Build.0 = Release|x64
		{0F467330-DE97-410E-A630-9CB00A6025F1}.Release|x86.ActiveCfg = Release|x86
		{0F467330-DE97-410E-A630-9CB00A6025F1}.Release|x86.Build.0 = Release|x86
		{0CF997E0-BD8D-4699-AC83-592EE9C98720}.Debug|Any CPU.ActiveCfg = Debug|Any CPU
		{0CF997E0-BD8D-4699-AC83-592EE9C98720}.Debug|Any CPU.Build.0 = Debug|Any CPU
		{0CF997E0-BD8D-4699-AC83-592EE9C98720}.Debug|x64.ActiveCfg = Debug|x64
		{0CF997E0-BD8D-4699-AC83-592EE9C98720}.Debug|x64.Build.0 = Debug|x64
		{0CF997E0-BD8D-4699-AC83-592EE9C98720}.Debug|x86.ActiveCfg = Debug|x86
		{0CF997E0-BD8D-4699-AC83-592EE9C98720}.Debug|x86.Build.0 = Debug|x86
		{0CF997E0-BD8D-4699-AC83-592EE9C98720}.Release|Any CPU.ActiveCfg = Release|Any CPU
		{0CF997E0-BD8D-4699-AC83-592EE9C98720}.Release|Any CPU.Build.0 = Release|Any CPU
		{0CF997E0-BD8D-4699-AC83-592EE9C98720}.Release|x64.ActiveCfg = Release|x64
		{0CF997E0-BD8D-4699-AC83-592EE9C98720}.Release|x64.Build.0 = Release|x64
		{0CF997E0-BD8D-4699-AC83-592EE9C98720}.Release|x86.ActiveCfg = Release|x86
		{0CF997E0-BD8D-4699-AC83-592EE9C98720}.Release|x86.Build.0 = Release|x86
	EndGlobalSection
EndGlobal
